
Microsoft Visual Studio Solution File, Format Version 12.00
# Visual Studio Version 17
VisualStudioVersion = 17.11.35222.181
MinimumVisualStudioVersion = 10.0.40219.1
Project("{FAE04EC0-301F-11D3-BF4B-00C04F79EFBC}") = "Lab5Bai12", "Lab5Bai12.csproj", "{364949C8-85F2-4F7B-B270-42135688C35C}"
EndProject
Global
	GlobalSection(SolutionConfigurationPlatforms) = preSolution
		Debug|Any CPU = Debug|Any CPU
		Release|Any CPU = Release|Any CPU
	EndGlobalSection
	GlobalSection(ProjectConfigurationPlatforms) = postSolution
		{364949C8-85F2-4F7B-B270-42135688C35C}.Debug|Any CPU.ActiveCfg = Debug|Any CPU
		{364949C8-85F2-4F7B-B270-42135688C35C}.Debug|Any CPU.Build.0 = Debug|Any CPU
		{364949C8-85F2-4F7B-B270-42135688C35C}.Release|Any CPU.ActiveCfg = Release|Any CPU
		{364949C8-85F2-4F7B-B270-42135688C35C}.Release|Any CPU.Build.0 = Release|Any CPU
	EndGlobalSection
	GlobalSection(SolutionProperties) = preSolution
		HideSolutionNode = FALSE
	EndGlobalSection
	GlobalSection(ExtensibilityGlobals) = postSolution
		SolutionGuid = {712704CA-165F-4E2A-8C5E-A31021A6AD51}
	EndGlobalSection
EndGlobal
